
Microsoft Visual Studio Solution File, Format Version 12.00
# Visual Studio 15
VisualStudioVersion = 15.0.34112.143
MinimumVisualStudioVersion = 10.0.40219.1
Project("{FAE04EC0-301F-11D3-BF4B-00C04F79EFBC}") = "Enrollment", "Enrollment\Enrollment.csproj", "{87491C18-1B5B-4F07-8677-A0C3B322E7F7}"
EndProject
Global
	GlobalSection(SolutionConfigurationPlatforms) = preSolution
		Debug|Any CPU = Debug|Any CPU
		Release|Any CPU = Release|Any CPU
	EndGlobalSection
	GlobalSection(ProjectConfigurationPlatforms) = postSolution
		{87491C18-1B5B-4F07-8677-A0C3B322E7F7}.Debug|Any CPU.ActiveCfg = Debug|Any CPU
		{87491C18-1B5B-4F07-8677-A0C3B322E7F7}.Debug|Any CPU.Build.0 = Debug|Any CPU
		{87491C18-1B5B-4F07-8677-A0C3B322E7F7}.Release|Any CPU.ActiveCfg = Release|Any CPU
		{87491C18-1B5B-4F07-8677-A0C3B322E7F7}.Release|Any CPU.Build.0 = Release|Any CPU
	EndGlobalSection
	GlobalSection(SolutionProperties) = preSolution
		HideSolutionNode = FALSE
	EndGlobalSection
	GlobalSection(ExtensibilityGlobals) = postSolution
		SolutionGuid = {3A9E47B2-18FC-472D-A5F5-B23AF96DFC2D}
	EndGlobalSection
EndGlobal
